
Microsoft Visual Studio Solution File, Format Version 12.00
# Visual Studio 2013
VisualStudioVersion = 12.0.31101.0
MinimumVisualStudioVersion = 10.0.40219.1
Project("{2150E333-8FDC-42A3-9474-1A3956D46DE8}") = "Solution Items", "Solution Items", "{2494C003-5128-41F0-AAD2-2A12B0484E11}"
	ProjectSection(SolutionItems) = preProject
		Documentation.txt = Documentation.txt
		License.txt = License.txt
		ReadMe.txt = ReadMe.txt
		SqlInput.sql = SqlInput.sql
		SqlOutput.sql = SqlOutput.sql
		To-do.txt = To-do.txt
		TokenListCsv.csv = TokenListCsv.csv
		XmlVisualiser.xml = XmlVisualiser.xml
	EndProjectSection
EndProject
Project("{FAE04EC0-301F-11D3-BF4B-00C04F79EFBC}") = "SqlMyWay.Core", "SqlMyWay.Core\SqlMyWay.Core.csproj", "{21C7A0A7-63C5-4920-8361-29CA2D59EC77}"
EndProject
Project("{FAE04EC0-301F-11D3-BF4B-00C04F79EFBC}") = "SqlMyWay.ConsoleApp", "SqlMyWay.ConsoleApp\SqlMyWay.ConsoleApp.csproj", "{7BB2769A-7C38-4229-A1F1-BBBD9B1915DB}"
EndProject
Project("{FAE04EC0-301F-11D3-BF4B-00C04F79EFBC}") = "SqlMyWay.WebApp", "SqlMyWay.WebApp\SqlMyWay.WebApp.csproj", "{95AC652B-C743-4043-8341-D24EB3BD8238}"
EndProject
Project("{2150E333-8FDC-42A3-9474-1A3956D46DE8}") = "PublishScripts", "PublishScripts", "{0CAD60CD-2F06-4371-85C4-0B15D6B0128A}"
	ProjectSection(SolutionItems) = preProject
		PublishScripts\AzureWebsitePublishModule.psm1 = PublishScripts\AzureWebsitePublishModule.psm1
		PublishScripts\Publish-WebApplicationWebsite.ps1 = PublishScripts\Publish-WebApplicationWebsite.ps1
	EndProjectSection
EndProject
Project("{2150E333-8FDC-42A3-9474-1A3956D46DE8}") = "Configurations", "Configurations", "{E5F9DB8A-E1FC-46A4-9448-3C5398CD617A}"
	ProjectSection(SolutionItems) = preProject
		PublishScripts\Configurations\SqlMyWayWebApp-WAWS-dev.json = PublishScripts\Configurations\SqlMyWayWebApp-WAWS-dev.json
	EndProjectSection
EndProject
Project("{FAE04EC0-301F-11D3-BF4B-00C04F79EFBC}") = "SqlMyWayAddIn", "SqlMyWayAddIn\SqlMyWayAddIn.csproj", "{54C786E5-FD14-4036-92AE-E9F25B71534B}"
EndProject
Global
	GlobalSection(SolutionConfigurationPlatforms) = preSolution
		Debug|Any CPU = Debug|Any CPU
		Release|Any CPU = Release|Any CPU
	EndGlobalSection
	GlobalSection(ProjectConfigurationPlatforms) = postSolution
		{21C7A0A7-63C5-4920-8361-29CA2D59EC77}.Debug|Any CPU.ActiveCfg = Debug|Any CPU
		{21C7A0A7-63C5-4920-8361-29CA2D59EC77}.Debug|Any CPU.Build.0 = Debug|Any CPU
		{21C7A0A7-63C5-4920-8361-29CA2D59EC77}.Release|Any CPU.ActiveCfg = Release|Any CPU
		{21C7A0A7-63C5-4920-8361-29CA2D59EC77}.Release|Any CPU.Build.0 = Release|Any CPU
		{7BB2769A-7C38-4229-A1F1-BBBD9B1915DB}.Debug|Any CPU.ActiveCfg = Debug|Any CPU
		{7BB2769A-7C38-4229-A1F1-BBBD9B1915DB}.Debug|Any CPU.Build.0 = Debug|Any CPU
		{7BB2769A-7C38-4229-A1F1-BBBD9B1915DB}.Release|Any CPU.ActiveCfg = Release|Any CPU
		{7BB2769A-7C38-4229-A1F1-BBBD9B1915DB}.Release|Any CPU.Build.0 = Release|Any CPU
		{95AC652B-C743-4043-8341-D24EB3BD8238}.Debug|Any CPU.ActiveCfg = Debug|Any CPU
		{95AC652B-C743-4043-8341-D24EB3BD8238}.Debug|Any CPU.Build.0 = Debug|Any CPU
		{95AC652B-C743-4043-8341-D24EB3BD8238}.Release|Any CPU.ActiveCfg = Release|Any CPU
		{95AC652B-C743-4043-8341-D24EB3BD8238}.Release|Any CPU.Build.0 = Release|Any CPU
		{54C786E5-FD14-4036-92AE-E9F25B71534B}.Debug|Any CPU.ActiveCfg = Debug|Any CPU
		{54C786E5-FD14-4036-92AE-E9F25B71534B}.Debug|Any CPU.Build.0 = Debug|Any CPU
		{54C786E5-FD14-4036-92AE-E9F25B71534B}.Release|Any CPU.ActiveCfg = Release|Any CPU
		{54C786E5-FD14-4036-92AE-E9F25B71534B}.Release|Any CPU.Build.0 = Release|Any CPU
	EndGlobalSection
	GlobalSection(SolutionProperties) = preSolution
		HideSolutionNode = FALSE
	EndGlobalSection
	GlobalSection(NestedProjects) = preSolution
		{E5F9DB8A-E1FC-46A4-9448-3C5398CD617A} = {0CAD60CD-2F06-4371-85C4-0B15D6B0128A}
	EndGlobalSection
EndGlobal
